{
    "_readme": [
        "This file locks the dependencies of your project to a known state",
        "Read more about it at https://getcomposer.org/doc/01-basic-usage.md#installing-dependencies",
        "This file is @generated automatically"
    ],
    "content-hash": "33898b198c3f44dfc892ca8092f42f8d",
    "packages": [
        {
            "name": "crimsonking/fragments",
            "version": "dev-master",
            "source": {
                "type": "git",
                "url": "https://github.com/o-alquimista/fragments.git",
                "reference": "94b58bf99d8bd5439cc4caaf0281dcc77c39ced0"
            },
            "dist": {
                "type": "zip",
                "url": "https://api.github.com/repos/o-alquimista/fragments/zipball/94b58bf99d8bd5439cc4caaf0281dcc77c39ced0",
                "reference": "94b58bf99d8bd5439cc4caaf0281dcc77c39ced0",
                "shasum": ""
            },
            "type": "library",
            "autoload": {
                "psr-4": {
                    "Fragments\\Bundle\\": "src/Fragments/Bundle",
                    "Fragments\\Component\\": "src/Fragments/Component"
                }
            },
            "notification-url": "https://packagist.org/downloads/",
            "license": [
                "AGPL-3.0-or-later"
            ],
            "authors": [
                {
                    "name": "Douglas Silva",
                    "email": "doug.hs@protonmail.ch"
                }
            ],
            "description": "A small PHP framework for web applications",
            "time": "2019-10-05T20:43:43+00:00"
        }
    ],
    "packages-dev": [],
    "aliases": [],
    "minimum-stability": "stable",
    "stability-flags": {
        "crimsonking/fragments": 20
    },
    "prefer-stable": false,
    "prefer-lowest": false,
    "platform": [],
    "platform-dev": []
}
