{
    "_readme": [
        "This file locks the dependencies of your project to a known state",
        "Read more about it at https://getcomposer.org/doc/01-basic-usage.md#installing-dependencies",
        "This file is @generated automatically"
    ],
    "content-hash": "ef17a946976b27775fb85fe883ad792c",
    "packages": [
        {
            "name": "crimsonking/fragments",
            "version": "v0.5",
            "source": {
                "type": "git",
                "url": "https://github.com/o-alquimista/fragments.git",
                "reference": "db84d0aef3e50975e226176f5439c40eb4e91533"
            },
            "dist": {
                "type": "zip",
                "url": "https://api.github.com/repos/o-alquimista/fragments/zipball/db84d0aef3e50975e226176f5439c40eb4e91533",
                "reference": "db84d0aef3e50975e226176f5439c40eb4e91533",
                "shasum": ""
            },
            "type": "library",
            "autoload": {
                "psr-4": {
                    "Fragments\\Bundle\\": "src/Fragments/Bundle",
                    "Fragments\\Component\\": "src/Fragments/Component"
                }
            },
            "notification-url": "https://packagist.org/downloads/",
            "license": [
                "AGPL-3.0-or-later"
            ],
            "authors": [
                {
                    "name": "Douglas Silva",
                    "email": "doug.hs@protonmail.ch"
                }
            ],
            "description": "A small PHP framework for web applications",
            "time": "2020-03-20T15:37:35+00:00"
        }
    ],
    "packages-dev": [],
    "aliases": [],
    "minimum-stability": "stable",
    "stability-flags": [],
    "prefer-stable": false,
    "prefer-lowest": false,
    "platform": [],
    "platform-dev": [],
    "plugin-api-version": "1.1.0"
}
